
Microsoft Visual Studio Solution File, Format Version 12.00
# Visual Studio 14
VisualStudioVersion = 14.0.25123.0
MinimumVisualStudioVersion = 10.0.40219.1
Project("{FAE04EC0-301F-11D3-BF4B-00C04F79EFBC}") = "MobileSAPSAPI", "MobileSAPSAPI\MobileSAPSAPI.csproj", "{E2AC6169-C0A5-428E-BE3D-3D21AC05923C}"
EndProject
Global
	GlobalSection(SolutionConfigurationPlatforms) = preSolution
		Debug|Any CPU = Debug|Any CPU
		Release|Any CPU = Release|Any CPU
	EndGlobalSection
	GlobalSection(ProjectConfigurationPlatforms) = postSolution
		{E2AC6169-C0A5-428E-BE3D-3D21AC05923C}.Debug|Any CPU.ActiveCfg = Debug|Any CPU
		{E2AC6169-C0A5-428E-BE3D-3D21AC05923C}.Debug|Any CPU.Build.0 = Debug|Any CPU
		{E2AC6169-C0A5-428E-BE3D-3D21AC05923C}.Release|Any CPU.ActiveCfg = Release|Any CPU
		{E2AC6169-C0A5-428E-BE3D-3D21AC05923C}.Release|Any CPU.Build.0 = Release|Any CPU
	EndGlobalSection
	GlobalSection(SolutionProperties) = preSolution
		HideSolutionNode = FALSE
	EndGlobalSection
EndGlobal
